{
  "version": 4,
  "terraform_version": "1.2.6",
  "serial": 35,
  "lineage": "f889dfcd-6ccb-2b85-7080-0492b6394acb",
  "outputs": {},
  "resources": [
    {
      "mode": "managed",
      "type": "google_pubsub_topic",
      "name": "dk-topic-postgres",
      "provider": "provider[\"registry.terraform.io/hashicorp/google\"]",
      "instances": [
        {
          "schema_version": 0,
          "attributes": {
            "id": "projects/ymbl-development-gcp/topics/dk.events.postgres-processor-v1",
            "kms_key_name": "",
            "labels": null,
            "message_storage_policy": [],
            "name": "dk.events.postgres-processor-v1",
            "project": "ymbl-development-gcp",
            "timeouts": null
          },
          "sensitive_attributes": [],
          "private": "eyJlMmJmYjczMC1lY2FhLTExZTYtOGY4OC0zNDM2M2JjN2M0YzAiOnsiY3JlYXRlIjoyNDAwMDAwMDAwMDAsImRlbGV0ZSI6MjQwMDAwMDAwMDAwLCJ1cGRhdGUiOjI0MDAwMDAwMDAwMH19"
        }
      ]
    },
    {
      "mode": "managed",
      "type": "google_pubsub_topic",
      "name": "dk-topic-sheet-scraper",
      "provider": "provider[\"registry.terraform.io/hashicorp/google\"]",
      "instances": [
        {
          "schema_version": 0,
          "attributes": {
            "id": "projects/ymbl-development-gcp/topics/dk.events.sheet-scraper-v1",
            "kms_key_name": "",
            "labels": null,
            "message_storage_policy": [],
            "name": "dk.events.sheet-scraper-v1",
            "project": "ymbl-development-gcp",
            "timeouts": null
          },
          "sensitive_attributes": [],
          "private": "eyJlMmJmYjczMC1lY2FhLTExZTYtOGY4OC0zNDM2M2JjN2M0YzAiOnsiY3JlYXRlIjoyNDAwMDAwMDAwMDAsImRlbGV0ZSI6MjQwMDAwMDAwMDAwLCJ1cGRhdGUiOjI0MDAwMDAwMDAwMH19"
        }
      ]
    },
    {
      "mode": "managed",
      "type": "google_pubsub_topic",
      "name": "dk-topic-stripe",
      "provider": "provider[\"registry.terraform.io/hashicorp/google\"]",
      "instances": [
        {
          "schema_version": 0,
          "attributes": {
            "id": "projects/ymbl-development-gcp/topics/dk.events.stripe-processor-v1",
            "kms_key_name": "",
            "labels": null,
            "message_storage_policy": [],
            "name": "dk.events.stripe-processor-v1",
            "project": "ymbl-development-gcp",
            "timeouts": null
          },
          "sensitive_attributes": [],
          "private": "eyJlMmJmYjczMC1lY2FhLTExZTYtOGY4OC0zNDM2M2JjN2M0YzAiOnsiY3JlYXRlIjoyNDAwMDAwMDAwMDAsImRlbGV0ZSI6MjQwMDAwMDAwMDAwLCJ1cGRhdGUiOjI0MDAwMDAwMDAwMH19"
        }
      ]
    }
  ]
}
